
Microsoft Visual Studio Solution File, Format Version 12.00
# Visual Studio 15
VisualStudioVersion = 15.0.27130.2010
MinimumVisualStudioVersion = 10.0.40219.1
Project("{9A19103F-16F7-4668-BE54-9A1E7A4F7556}") = "Greatest Common Divisor (CGD)", "advanced loop2\Greatest Common Divisor (CGD).csproj", "{D9D100B3-D025-450B-8875-543AAC757791}"
EndProject
Project("{FAE04EC0-301F-11D3-BF4B-00C04F79EFBC}") = "ConsoleApp1", "ConsoleApp1\ConsoleApp1.csproj", "{2DD619A5-65DA-4895-BE51-68C8112AE13F}"
EndProject
Global
	GlobalSection(SolutionConfigurationPlatforms) = preSolution
		Debug|Any CPU = Debug|Any CPU
		Release|Any CPU = Release|Any CPU
	EndGlobalSection
	GlobalSection(ProjectConfigurationPlatforms) = postSolution
		{D9D100B3-D025-450B-8875-543AAC757791}.Debug|Any CPU.ActiveCfg = Debug|Any CPU
		{D9D100B3-D025-450B-8875-543AAC757791}.Debug|Any CPU.Build.0 = Debug|Any CPU
		{D9D100B3-D025-450B-8875-543AAC757791}.Release|Any CPU.ActiveCfg = Release|Any CPU
		{D9D100B3-D025-450B-8875-543AAC757791}.Release|Any CPU.Build.0 = Release|Any CPU
		{2DD619A5-65DA-4895-BE51-68C8112AE13F}.Debug|Any CPU.ActiveCfg = Debug|Any CPU
		{2DD619A5-65DA-4895-BE51-68C8112AE13F}.Debug|Any CPU.Build.0 = Debug|Any CPU
		{2DD619A5-65DA-4895-BE51-68C8112AE13F}.Release|Any CPU.ActiveCfg = Release|Any CPU
		{2DD619A5-65DA-4895-BE51-68C8112AE13F}.Release|Any CPU.Build.0 = Release|Any CPU
	EndGlobalSection
	GlobalSection(SolutionProperties) = preSolution
		HideSolutionNode = FALSE
	EndGlobalSection
	GlobalSection(ExtensibilityGlobals) = postSolution
		SolutionGuid = {BDA28532-7A19-449E-8C87-B2FDCB99165B}
	EndGlobalSection
EndGlobal
